// !$*UTF8*$!
{
	archiveVersion = 1;
	classes = {
	};
	objectVersion = 50;
	objects = {

/* Begin PBXBuildFile section */
		4D33112C16338479F0FBB213 /* Pods_HobbyMe_HobbyMeUITests.framework in Frameworks */ = {isa = PBXBuildFile; fileRef = 6FD2837CDCA9179184EBF987 /* Pods_HobbyMe_HobbyMeUITests.framework */; };
		4DE283F82E06390B19D34894 /* Pods_HobbyMeTests.framework in Frameworks */ = {isa = PBXBuildFile; fileRef = EF71CA7CB784CB797592D26C /* Pods_HobbyMeTests.framework */; };
		8F0ED5F9883DADFC9F3A4D9C /* Pods_HobbyMe.framework in Frameworks */ = {isa = PBXBuildFile; fileRef = 10D296B2840E766B469C6DD4 /* Pods_HobbyMe.framework */; };
		91B0FB3F257C96ED00746BDD /* AppCoordinator.swift in Sources */ = {isa = PBXBuildFile; fileRef = 91B0FB3E257C96ED00746BDD /* AppCoordinator.swift */; };
		91B0FB4F257C9A6800746BDD /* TabBarController.swift in Sources */ = {isa = PBXBuildFile; fileRef = 91B0FB4E257C9A6800746BDD /* TabBarController.swift */; };
		91B0FB54257CAA4700746BDD /* ProfileViewController.swift in Sources */ = {isa = PBXBuildFile; fileRef = 91B0FB53257CAA4700746BDD /* ProfileViewController.swift */; };
		BB835A2A257D698700ACD572 /* TestObject.swift in Sources */ = {isa = PBXBuildFile; fileRef = BB835A29257D698700ACD572 /* TestObject.swift */; };
		BB835A2F257D781500ACD572 /* UIViewExt.swift in Sources */ = {isa = PBXBuildFile; fileRef = BB835A2E257D781500ACD572 /* UIViewExt.swift */; };
		BB835A3D257D792200ACD572 /* CustomTabBarButtonView.swift in Sources */ = {isa = PBXBuildFile; fileRef = BB835A3C257D792200ACD572 /* CustomTabBarButtonView.swift */; };
		BB983BA1257F1862000551BC /* MenuBar.swift in Sources */ = {isa = PBXBuildFile; fileRef = BB983B75257EB5A6000551BC /* MenuBar.swift */; };
		BB983BA2257F1862000551BC /* ApiManager.swift in Sources */ = {isa = PBXBuildFile; fileRef = BB983B66257EB44F000551BC /* ApiManager.swift */; };
		BB983BA3257F1862000551BC /* SettingsLauncher.swift in Sources */ = {isa = PBXBuildFile; fileRef = BB983B6B257EB460000551BC /* SettingsLauncher.swift */; };
		BB983BA4257F1862000551BC /* HomeController.swift in Sources */ = {isa = PBXBuildFile; fileRef = BB983B70257EB565000551BC /* HomeController.swift */; };
		BB983BA5257F1862000551BC /* SettingName.swift in Sources */ = {isa = PBXBuildFile; fileRef = BB983B76257EB5B6000551BC /* SettingName.swift */; };
		BB983BA6257F1862000551BC /* Video.swift in Sources */ = {isa = PBXBuildFile; fileRef = BB983B77257EB5C3000551BC /* Video.swift */; };
		BB983BA7257F1862000551BC /* FeedCell.swift in Sources */ = {isa = PBXBuildFile; fileRef = BB983B68257EB458000551BC /* FeedCell.swift */; };
		BB983BA8257F1862000551BC /* SettingCell.swift in Sources */ = {isa = PBXBuildFile; fileRef = BB983B69257EB45B000551BC /* SettingCell.swift */; };
		BB983BA9257F1862000551BC /* TrendingCell.swift in Sources */ = {isa = PBXBuildFile; fileRef = BB983B6C257EB465000551BC /* TrendingCell.swift */; };
		BB983BAA257F1862000551BC /* SubscriptionCell.swift in Sources */ = {isa = PBXBuildFile; fileRef = BB983B6A257EB45C000551BC /* SubscriptionCell.swift */; };
		BB983BAB257F1862000551BC /* CustomImageView.swift in Sources */ = {isa = PBXBuildFile; fileRef = BB983B67257EB454000551BC /* CustomImageView.swift */; };
		BB983BAC257F1862000551BC /* VideoLauncher.swift in Sources */ = {isa = PBXBuildFile; fileRef = BB983B78257EB5D9000551BC /* VideoLauncher.swift */; };
		BB983BAD257F1862000551BC /* Extensions.swift in Sources */ = {isa = PBXBuildFile; fileRef = BB983B5F257EB401000551BC /* Extensions.swift */; };
		BB983BB3257F18CB000551BC /* Main.storyboard in Resources */ = {isa = PBXBuildFile; fileRef = BB983BB2257F18CB000551BC /* Main.storyboard */; };
		BB983BBD257F190B000551BC /* AppDelegate.swift in Sources */ = {isa = PBXBuildFile; fileRef = BB983B36257EB362000551BC /* AppDelegate.swift */; };
		BB983BC2257F19ED000551BC /* VideoCell.swift in Sources */ = {isa = PBXBuildFile; fileRef = BB983BC1257F19ED000551BC /* VideoCell.swift */; };
		BB983BD0257F32FC000551BC /* ProfileCell.swift in Sources */ = {isa = PBXBuildFile; fileRef = BB983BCF257F32FC000551BC /* ProfileCell.swift */; };
		BB983BD5257F3338000551BC /* BaseCell.swift in Sources */ = {isa = PBXBuildFile; fileRef = BB983BD4257F3338000551BC /* BaseCell.swift */; };
		BB983BDD257F3594000551BC /* ActivityCell.swift in Sources */ = {isa = PBXBuildFile; fileRef = BB983BDC257F3594000551BC /* ActivityCell.swift */; };
		BB983BFD257F42C9000551BC /* HobbyCell.swift in Sources */ = {isa = PBXBuildFile; fileRef = BB983BFC257F42C9000551BC /* HobbyCell.swift */; };
		BB983C02257F5265000551BC /* Hobby.swift in Sources */ = {isa = PBXBuildFile; fileRef = BB983C01257F5265000551BC /* Hobby.swift */; };
		BB983C09257F5666000551BC /* DiscoverCell.swift in Sources */ = {isa = PBXBuildFile; fileRef = BB983C08257F5666000551BC /* DiscoverCell.swift */; };
		BB983C12257F5A9E000551BC /* Activity.swift in Sources */ = {isa = PBXBuildFile; fileRef = BB983C11257F5A9E000551BC /* Activity.swift */; };
		BB983C1A257F5AE7000551BC /* Group.swift in Sources */ = {isa = PBXBuildFile; fileRef = BB983C19257F5AE7000551BC /* Group.swift */; };
		BB9E1B97257C2A0900995A51 /* Assets.xcassets in Resources */ = {isa = PBXBuildFile; fileRef = BB9E1B96257C2A0900995A51 /* Assets.xcassets */; };
		BB9E1BA5257C2A0900995A51 /* HobbyMeTests.swift in Sources */ = {isa = PBXBuildFile; fileRef = BB9E1BA4257C2A0900995A51 /* HobbyMeTests.swift */; };
		BB9E1BB0257C2A0A00995A51 /* HobbyMeUITests.swift in Sources */ = {isa = PBXBuildFile; fileRef = BB9E1BAF257C2A0A00995A51 /* HobbyMeUITests.swift */; };
		BB9E1BD2257C2D5700995A51 /* CardView.swift in Sources */ = {isa = PBXBuildFile; fileRef = BB9E1BD1257C2D5700995A51 /* CardView.swift */; };
		BB9E1BE1257C639900995A51 /* OldAppDelegate.swift in Sources */ = {isa = PBXBuildFile; fileRef = BB9E1BE0257C639900995A51 /* OldAppDelegate.swift */; };
		BB9E1BEF257C647300995A51 /* Launch.storyboard in Resources */ = {isa = PBXBuildFile; fileRef = BB9E1BEE257C647300995A51 /* Launch.storyboard */; };
		BB9E1C05257C7E2300995A51 /* DiscoverCollectionViewController.swift in Sources */ = {isa = PBXBuildFile; fileRef = BB9E1C04257C7E2300995A51 /* DiscoverCollectionViewController.swift */; };
		BBC90D31257CB63100D1DF09 /* ProfileTableViewCell.swift in Sources */ = {isa = PBXBuildFile; fileRef = BBC90D2F257CB63100D1DF09 /* ProfileTableViewCell.swift */; };
		BBD430D6257FEAFE005D38F1 /* Profile.swift in Sources */ = {isa = PBXBuildFile; fileRef = BBD430D5257FEAFE005D38F1 /* Profile.swift */; };
/* End PBXBuildFile section */

/* Begin PBXContainerItemProxy section */
		BB9E1BA1257C2A0900995A51 /* PBXContainerItemProxy */ = {
			isa = PBXContainerItemProxy;
			containerPortal = BB9E1B87257C2A0900995A51 /* Project object */;
			proxyType = 1;
			remoteGlobalIDString = BB9E1B8E257C2A0900995A51;
			remoteInfo = HobbyMe;
		};
		BB9E1BAC257C2A0A00995A51 /* PBXContainerItemProxy */ = {
			isa = PBXContainerItemProxy;
			containerPortal = BB9E1B87257C2A0900995A51 /* Project object */;
			proxyType = 1;
			remoteGlobalIDString = BB9E1B8E257C2A0900995A51;
			remoteInfo = HobbyMe;
		};
/* End PBXContainerItemProxy section */

/* Begin PBXFileReference section */
		10D296B2840E766B469C6DD4 /* Pods_HobbyMe.framework */ = {isa = PBXFileReference; explicitFileType = wrapper.framework; includeInIndex = 0; path = Pods_HobbyMe.framework; sourceTree = BUILT_PRODUCTS_DIR; };
		364E5970E0FFA228F1A2744C /* Pods-HobbyMe.debug.xcconfig */ = {isa = PBXFileReference; includeInIndex = 1; lastKnownFileType = text.xcconfig; name = "Pods-HobbyMe.debug.xcconfig"; path = "Target Support Files/Pods-HobbyMe/Pods-HobbyMe.debug.xcconfig"; sourceTree = "<group>"; };
		3C8AF4C58F3EF7CFC805CE37 /* Pods-HobbyMe-HobbyMeUITests.debug.xcconfig */ = {isa = PBXFileReference; includeInIndex = 1; lastKnownFileType = text.xcconfig; name = "Pods-HobbyMe-HobbyMeUITests.debug.xcconfig"; path = "Target Support Files/Pods-HobbyMe-HobbyMeUITests/Pods-HobbyMe-HobbyMeUITests.debug.xcconfig"; sourceTree = "<group>"; };
		6FD2837CDCA9179184EBF987 /* Pods_HobbyMe_HobbyMeUITests.framework */ = {isa = PBXFileReference; explicitFileType = wrapper.framework; includeInIndex = 0; path = Pods_HobbyMe_HobbyMeUITests.framework; sourceTree = BUILT_PRODUCTS_DIR; };
		8A5B615805DD322BC834DF4A /* Pods-HobbyMeTests.debug.xcconfig */ = {isa = PBXFileReference; includeInIndex = 1; lastKnownFileType = text.xcconfig; name = "Pods-HobbyMeTests.debug.xcconfig"; path = "Target Support Files/Pods-HobbyMeTests/Pods-HobbyMeTests.debug.xcconfig"; sourceTree = "<group>"; };
		91B0FB3E257C96ED00746BDD /* AppCoordinator.swift */ = {isa = PBXFileReference; lastKnownFileType = sourcecode.swift; path = AppCoordinator.swift; sourceTree = "<group>"; };
		91B0FB4E257C9A6800746BDD /* TabBarController.swift */ = {isa = PBXFileReference; lastKnownFileType = sourcecode.swift; path = TabBarController.swift; sourceTree = "<group>"; };
		91B0FB53257CAA4700746BDD /* ProfileViewController.swift */ = {isa = PBXFileReference; lastKnownFileType = sourcecode.swift; path = ProfileViewController.swift; sourceTree = "<group>"; };
		91B0FB5B257CAD2100746BDD /* Profile.storyboard */ = {isa = PBXFileReference; lastKnownFileType = file.storyboard; path = Profile.storyboard; sourceTree = "<group>"; };
		9BEEC693E3098C19791913A1 /* Pods-HobbyMeTests.release.xcconfig */ = {isa = PBXFileReference; includeInIndex = 1; lastKnownFileType = text.xcconfig; name = "Pods-HobbyMeTests.release.xcconfig"; path = "Target Support Files/Pods-HobbyMeTests/Pods-HobbyMeTests.release.xcconfig"; sourceTree = "<group>"; };
		BB835A29257D698700ACD572 /* TestObject.swift */ = {isa = PBXFileReference; lastKnownFileType = sourcecode.swift; path = TestObject.swift; sourceTree = "<group>"; };
		BB835A2E257D781500ACD572 /* UIViewExt.swift */ = {isa = PBXFileReference; lastKnownFileType = sourcecode.swift; path = UIViewExt.swift; sourceTree = "<group>"; };
		BB835A3C257D792200ACD572 /* CustomTabBarButtonView.swift */ = {isa = PBXFileReference; lastKnownFileType = sourcecode.swift; path = CustomTabBarButtonView.swift; sourceTree = "<group>"; };
		BB835A41257D7B3100ACD572 /* CustomTabBarButtonView.xib */ = {isa = PBXFileReference; lastKnownFileType = file.xib; path = CustomTabBarButtonView.xib; sourceTree = "<group>"; };
		BB983B36257EB362000551BC /* AppDelegate.swift */ = {isa = PBXFileReference; fileEncoding = 4; lastKnownFileType = sourcecode.swift; name = AppDelegate.swift; path = "../../../../youtube 2/youtube/AppDelegate.swift"; sourceTree = "<group>"; };
		BB983B5F257EB401000551BC /* Extensions.swift */ = {isa = PBXFileReference; lastKnownFileType = sourcecode.swift; name = Extensions.swift; path = "../../../../../youtube 2/youtube/Extensions.swift"; sourceTree = "<group>"; };
		BB983B66257EB44F000551BC /* ApiManager.swift */ = {isa = PBXFileReference; lastKnownFileType = sourcecode.swift; path = ApiManager.swift; sourceTree = "<group>"; };
		BB983B67257EB454000551BC /* CustomImageView.swift */ = {isa = PBXFileReference; lastKnownFileType = sourcecode.swift; path = CustomImageView.swift; sourceTree = "<group>"; };
		BB983B68257EB458000551BC /* FeedCell.swift */ = {isa = PBXFileReference; lastKnownFileType = sourcecode.swift; path = FeedCell.swift; sourceTree = "<group>"; };
		BB983B69257EB45B000551BC /* SettingCell.swift */ = {isa = PBXFileReference; lastKnownFileType = sourcecode.swift; path = SettingCell.swift; sourceTree = "<group>"; };
		BB983B6A257EB45C000551BC /* SubscriptionCell.swift */ = {isa = PBXFileReference; lastKnownFileType = sourcecode.swift; path = SubscriptionCell.swift; sourceTree = "<group>"; };
		BB983B6B257EB460000551BC /* SettingsLauncher.swift */ = {isa = PBXFileReference; lastKnownFileType = sourcecode.swift; path = SettingsLauncher.swift; sourceTree = "<group>"; };
		BB983B6C257EB465000551BC /* TrendingCell.swift */ = {isa = PBXFileReference; lastKnownFileType = sourcecode.swift; path = TrendingCell.swift; sourceTree = "<group>"; };
		BB983B70257EB565000551BC /* HomeController.swift */ = {isa = PBXFileReference; lastKnownFileType = sourcecode.swift; path = HomeController.swift; sourceTree = "<group>"; };
		BB983B75257EB5A6000551BC /* MenuBar.swift */ = {isa = PBXFileReference; lastKnownFileType = sourcecode.swift; path = MenuBar.swift; sourceTree = "<group>"; };
		BB983B76257EB5B6000551BC /* SettingName.swift */ = {isa = PBXFileReference; lastKnownFileType = sourcecode.swift; path = SettingName.swift; sourceTree = "<group>"; };
		BB983B77257EB5C3000551BC /* Video.swift */ = {isa = PBXFileReference; lastKnownFileType = sourcecode.swift; path = Video.swift; sourceTree = "<group>"; };
		BB983B78257EB5D9000551BC /* VideoLauncher.swift */ = {isa = PBXFileReference; lastKnownFileType = sourcecode.swift; path = VideoLauncher.swift; sourceTree = "<group>"; };
		BB983BB2257F18CB000551BC /* Main.storyboard */ = {isa = PBXFileReference; lastKnownFileType = file.storyboard; path = Main.storyboard; sourceTree = "<group>"; };
		BB983BC1257F19ED000551BC /* VideoCell.swift */ = {isa = PBXFileReference; lastKnownFileType = sourcecode.swift; path = VideoCell.swift; sourceTree = "<group>"; };
		BB983BCF257F32FC000551BC /* ProfileCell.swift */ = {isa = PBXFileReference; lastKnownFileType = sourcecode.swift; path = ProfileCell.swift; sourceTree = "<group>"; };
		BB983BD4257F3338000551BC /* BaseCell.swift */ = {isa = PBXFileReference; lastKnownFileType = sourcecode.swift; path = BaseCell.swift; sourceTree = "<group>"; };
		BB983BDC257F3594000551BC /* ActivityCell.swift */ = {isa = PBXFileReference; lastKnownFileType = sourcecode.swift; path = ActivityCell.swift; sourceTree = "<group>"; };
		BB983BFC257F42C9000551BC /* HobbyCell.swift */ = {isa = PBXFileReference; lastKnownFileType = sourcecode.swift; path = HobbyCell.swift; sourceTree = "<group>"; };
		BB983C01257F5265000551BC /* Hobby.swift */ = {isa = PBXFileReference; lastKnownFileType = sourcecode.swift; path = Hobby.swift; sourceTree = "<group>"; };
		BB983C08257F5666000551BC /* DiscoverCell.swift */ = {isa = PBXFileReference; lastKnownFileType = sourcecode.swift; path = DiscoverCell.swift; sourceTree = "<group>"; };
		BB983C11257F5A9E000551BC /* Activity.swift */ = {isa = PBXFileReference; lastKnownFileType = sourcecode.swift; path = Activity.swift; sourceTree = "<group>"; };
		BB983C19257F5AE7000551BC /* Group.swift */ = {isa = PBXFileReference; lastKnownFileType = sourcecode.swift; path = Group.swift; sourceTree = "<group>"; };
		BB9E1B8F257C2A0900995A51 /* HobbyMe.app */ = {isa = PBXFileReference; explicitFileType = wrapper.application; includeInIndex = 0; path = HobbyMe.app; sourceTree = BUILT_PRODUCTS_DIR; };
		BB9E1B96257C2A0900995A51 /* Assets.xcassets */ = {isa = PBXFileReference; lastKnownFileType = folder.assetcatalog; path = Assets.xcassets; sourceTree = "<group>"; };
		BB9E1B99257C2A0900995A51 /* Preview Assets.xcassets */ = {isa = PBXFileReference; lastKnownFileType = folder.assetcatalog; path = "Preview Assets.xcassets"; sourceTree = "<group>"; };
		BB9E1B9B257C2A0900995A51 /* Info.plist */ = {isa = PBXFileReference; lastKnownFileType = text.plist.xml; path = Info.plist; sourceTree = "<group>"; };
		BB9E1BA0257C2A0900995A51 /* HobbyMeTests.xctest */ = {isa = PBXFileReference; explicitFileType = wrapper.cfbundle; includeInIndex = 0; path = HobbyMeTests.xctest; sourceTree = BUILT_PRODUCTS_DIR; };
		BB9E1BA4257C2A0900995A51 /* HobbyMeTests.swift */ = {isa = PBXFileReference; lastKnownFileType = sourcecode.swift; path = HobbyMeTests.swift; sourceTree = "<group>"; };
		BB9E1BA6257C2A0900995A51 /* Info.plist */ = {isa = PBXFileReference; lastKnownFileType = text.plist.xml; path = Info.plist; sourceTree = "<group>"; };
		BB9E1BAB257C2A0A00995A51 /* HobbyMeUITests.xctest */ = {isa = PBXFileReference; explicitFileType = wrapper.cfbundle; includeInIndex = 0; path = HobbyMeUITests.xctest; sourceTree = BUILT_PRODUCTS_DIR; };
		BB9E1BAF257C2A0A00995A51 /* HobbyMeUITests.swift */ = {isa = PBXFileReference; lastKnownFileType = sourcecode.swift; path = HobbyMeUITests.swift; sourceTree = "<group>"; };
		BB9E1BB1257C2A0A00995A51 /* Info.plist */ = {isa = PBXFileReference; lastKnownFileType = text.plist.xml; path = Info.plist; sourceTree = "<group>"; };
		BB9E1BCC257C2BA200995A51 /* Home.storyboard */ = {isa = PBXFileReference; lastKnownFileType = file.storyboard; path = Home.storyboard; sourceTree = "<group>"; };
		BB9E1BD1257C2D5700995A51 /* CardView.swift */ = {isa = PBXFileReference; lastKnownFileType = sourcecode.swift; path = CardView.swift; sourceTree = "<group>"; };
		BB9E1BE0257C639900995A51 /* OldAppDelegate.swift */ = {isa = PBXFileReference; lastKnownFileType = sourcecode.swift; path = OldAppDelegate.swift; sourceTree = "<group>"; };
		BB9E1BEE257C647300995A51 /* Launch.storyboard */ = {isa = PBXFileReference; lastKnownFileType = file.storyboard; path = Launch.storyboard; sourceTree = "<group>"; };
		BB9E1C04257C7E2300995A51 /* DiscoverCollectionViewController.swift */ = {isa = PBXFileReference; lastKnownFileType = sourcecode.swift; path = DiscoverCollectionViewController.swift; sourceTree = "<group>"; };
		BBC90D2F257CB63100D1DF09 /* ProfileTableViewCell.swift */ = {isa = PBXFileReference; lastKnownFileType = sourcecode.swift; path = ProfileTableViewCell.swift; sourceTree = "<group>"; };
		BBC90D30257CB63100D1DF09 /* ProfileTableViewCell.xib */ = {isa = PBXFileReference; lastKnownFileType = file.xib; path = ProfileTableViewCell.xib; sourceTree = "<group>"; };
		BBD430D5257FEAFE005D38F1 /* Profile.swift */ = {isa = PBXFileReference; lastKnownFileType = sourcecode.swift; path = Profile.swift; sourceTree = "<group>"; };
		C7824CB5DD7184B64B7B48F4 /* Pods-HobbyMe-HobbyMeUITests.release.xcconfig */ = {isa = PBXFileReference; includeInIndex = 1; lastKnownFileType = text.xcconfig; name = "Pods-HobbyMe-HobbyMeUITests.release.xcconfig"; path = "Target Support Files/Pods-HobbyMe-HobbyMeUITests/Pods-HobbyMe-HobbyMeUITests.release.xcconfig"; sourceTree = "<group>"; };
		CB8864B44A82B48A5460C296 /* Pods-HobbyMe.release.xcconfig */ = {isa = PBXFileReference; includeInIndex = 1; lastKnownFileType = text.xcconfig; name = "Pods-HobbyMe.release.xcconfig"; path = "Target Support Files/Pods-HobbyMe/Pods-HobbyMe.release.xcconfig"; sourceTree = "<group>"; };
		EF71CA7CB784CB797592D26C /* Pods_HobbyMeTests.framework */ = {isa = PBXFileReference; explicitFileType = wrapper.framework; includeInIndex = 0; path = Pods_HobbyMeTests.framework; sourceTree = BUILT_PRODUCTS_DIR; };
/* End PBXFileReference section */

/* Begin PBXFrameworksBuildPhase section */
		BB9E1B8C257C2A0900995A51 /* Frameworks */ = {
			isa = PBXFrameworksBuildPhase;
			buildActionMask = 2147483647;
			files = (
				8F0ED5F9883DADFC9F3A4D9C /* Pods_HobbyMe.framework in Frameworks */,
			);
			runOnlyForDeploymentPostprocessing = 0;
		};
		BB9E1B9D257C2A0900995A51 /* Frameworks */ = {
			isa = PBXFrameworksBuildPhase;
			buildActionMask = 2147483647;
			files = (
				4DE283F82E06390B19D34894 /* Pods_HobbyMeTests.framework in Frameworks */,
			);
			runOnlyForDeploymentPostprocessing = 0;
		};
		BB9E1BA8257C2A0A00995A51 /* Frameworks */ = {
			isa = PBXFrameworksBuildPhase;
			buildActionMask = 2147483647;
			files = (
				4D33112C16338479F0FBB213 /* Pods_HobbyMe_HobbyMeUITests.framework in Frameworks */,
			);
			runOnlyForDeploymentPostprocessing = 0;
		};
/* End PBXFrameworksBuildPhase section */

/* Begin PBXGroup section */
		6EE8EF6B0E4B6A08D5152B6F /* Frameworks */ = {
			isa = PBXGroup;
			children = (
				10D296B2840E766B469C6DD4 /* Pods_HobbyMe.framework */,
				6FD2837CDCA9179184EBF987 /* Pods_HobbyMe_HobbyMeUITests.framework */,
				EF71CA7CB784CB797592D26C /* Pods_HobbyMeTests.framework */,
			);
			name = Frameworks;
			sourceTree = "<group>";
		};
		BB835A33257D786F00ACD572 /* CustomTabBarView */ = {
			isa = PBXGroup;
			children = (
				BB835A3C257D792200ACD572 /* CustomTabBarButtonView.swift */,
				BB835A41257D7B3100ACD572 /* CustomTabBarButtonView.xib */,
			);
			path = CustomTabBarView;
			sourceTree = "<group>";
		};
		BB983B30257EB29C000551BC /* Old files */ = {
			isa = PBXGroup;
			children = (
				BB9E1BE0257C639900995A51 /* OldAppDelegate.swift */,
				BB9E1B98257C2A0900995A51 /* Preview Content */,
				BB9E1BD6257C2FD100995A51 /* Resources */,
				BB9E1BCB257C2B9400995A51 /* Storyboards */,
				BB9E1BC2257C2A1F00995A51 /* Coordinators */,
				BB9E1BC1257C2A1A00995A51 /* Views */,
				BB9E1BC0257C2A1100995A51 /* ViewControllers */,
			);
			path = "Old files";
			sourceTree = "<group>";
		};
		BB983B5C257EB3E9000551BC /* Extensions */ = {
			isa = PBXGroup;
			children = (
				BB983B5F257EB401000551BC /* Extensions.swift */,
			);
			path = Extensions;
			sourceTree = "<group>";
		};
		BB983B5E257EB3F3000551BC /* Views */ = {
			isa = PBXGroup;
			children = (
				BB983C07257F563E000551BC /* Cells */,
				BB983C06257F5625000551BC /* Objects */,
				BB983B76257EB5B6000551BC /* SettingName.swift */,
				BB983B67257EB454000551BC /* CustomImageView.swift */,
				BB983B78257EB5D9000551BC /* VideoLauncher.swift */,
			);
			path = Views;
			sourceTree = "<group>";
		};
		BB983B65257EB44B000551BC /* Managers */ = {
			isa = PBXGroup;
			children = (
				BB983B66257EB44F000551BC /* ApiManager.swift */,
				BB983B6B257EB460000551BC /* SettingsLauncher.swift */,
				BB983B70257EB565000551BC /* HomeController.swift */,
			);
			path = Managers;
			sourceTree = "<group>";
		};
		BB983B74257EB59F000551BC /* ViewControllers */ = {
			isa = PBXGroup;
			children = (
				BB983B75257EB5A6000551BC /* MenuBar.swift */,
			);
			path = ViewControllers;
			sourceTree = "<group>";
		};
		BB983C06257F5625000551BC /* Objects */ = {
			isa = PBXGroup;
			children = (
				BB983C01257F5265000551BC /* Hobby.swift */,
				BB983B77257EB5C3000551BC /* Video.swift */,
				BB983C11257F5A9E000551BC /* Activity.swift */,
				BB983C19257F5AE7000551BC /* Group.swift */,
				BBD430D5257FEAFE005D38F1 /* Profile.swift */,
			);
			path = Objects;
			sourceTree = "<group>";
		};
		BB983C07257F563E000551BC /* Cells */ = {
			isa = PBXGroup;
			children = (
				BB983B68257EB458000551BC /* FeedCell.swift */,
				BB983B69257EB45B000551BC /* SettingCell.swift */,
				BB983B6C257EB465000551BC /* TrendingCell.swift */,
				BB983B6A257EB45C000551BC /* SubscriptionCell.swift */,
				BB983BCF257F32FC000551BC /* ProfileCell.swift */,
				BB983BD4257F3338000551BC /* BaseCell.swift */,
				BB983BC1257F19ED000551BC /* VideoCell.swift */,
				BB983BDC257F3594000551BC /* ActivityCell.swift */,
				BB983BFC257F42C9000551BC /* HobbyCell.swift */,
				BB983C08257F5666000551BC /* DiscoverCell.swift */,
			);
			path = Cells;
			sourceTree = "<group>";
		};
		BB9E1B86257C2A0900995A51 = {
			isa = PBXGroup;
			children = (
				BB9E1B91257C2A0900995A51 /* HobbyMe */,
				BB9E1BA3257C2A0900995A51 /* HobbyMeTests */,
				BB9E1BAE257C2A0A00995A51 /* HobbyMeUITests */,
				BB9E1B90257C2A0900995A51 /* Products */,
				E83B181C256227475A0C3749 /* Pods */,
				6EE8EF6B0E4B6A08D5152B6F /* Frameworks */,
			);
			sourceTree = "<group>";
		};
		BB9E1B90257C2A0900995A51 /* Products */ = {
			isa = PBXGroup;
			children = (
				BB9E1B8F257C2A0900995A51 /* HobbyMe.app */,
				BB9E1BA0257C2A0900995A51 /* HobbyMeTests.xctest */,
				BB9E1BAB257C2A0A00995A51 /* HobbyMeUITests.xctest */,
			);
			name = Products;
			sourceTree = "<group>";
		};
		BB9E1B91257C2A0900995A51 /* HobbyMe */ = {
			isa = PBXGroup;
			children = (
				BB983B74257EB59F000551BC /* ViewControllers */,
				BB983B65257EB44B000551BC /* Managers */,
				BB983B5E257EB3F3000551BC /* Views */,
				BB983B5C257EB3E9000551BC /* Extensions */,
				BB983B36257EB362000551BC /* AppDelegate.swift */,
				BB9E1B96257C2A0900995A51 /* Assets.xcassets */,
				BB9E1B9B257C2A0900995A51 /* Info.plist */,
				BB983BB2257F18CB000551BC /* Main.storyboard */,
				BB983B30257EB29C000551BC /* Old files */,
			);
			path = HobbyMe;
			sourceTree = "<group>";
		};
		BB9E1B98257C2A0900995A51 /* Preview Content */ = {
			isa = PBXGroup;
			children = (
				BB9E1B99257C2A0900995A51 /* Preview Assets.xcassets */,
			);
			path = "Preview Content";
			sourceTree = "<group>";
		};
		BB9E1BA3257C2A0900995A51 /* HobbyMeTests */ = {
			isa = PBXGroup;
			children = (
				BB9E1BA4257C2A0900995A51 /* HobbyMeTests.swift */,
				BB9E1BA6257C2A0900995A51 /* Info.plist */,
			);
			path = HobbyMeTests;
			sourceTree = "<group>";
		};
		BB9E1BAE257C2A0A00995A51 /* HobbyMeUITests */ = {
			isa = PBXGroup;
			children = (
				BB9E1BAF257C2A0A00995A51 /* HobbyMeUITests.swift */,
				BB9E1BB1257C2A0A00995A51 /* Info.plist */,
			);
			path = HobbyMeUITests;
			sourceTree = "<group>";
		};
		BB9E1BC0257C2A1100995A51 /* ViewControllers */ = {
			isa = PBXGroup;
			children = (
				91B0FB4E257C9A6800746BDD /* TabBarController.swift */,
				BB9E1C04257C7E2300995A51 /* DiscoverCollectionViewController.swift */,
				91B0FB53257CAA4700746BDD /* ProfileViewController.swift */,
			);
			path = ViewControllers;
			sourceTree = "<group>";
		};
		BB9E1BC1257C2A1A00995A51 /* Views */ = {
			isa = PBXGroup;
			children = (
				BB835A33257D786F00ACD572 /* CustomTabBarView */,
				BB9E1BD1257C2D5700995A51 /* CardView.swift */,
				BBC90D2F257CB63100D1DF09 /* ProfileTableViewCell.swift */,
				BBC90D30257CB63100D1DF09 /* ProfileTableViewCell.xib */,
				BB835A2E257D781500ACD572 /* UIViewExt.swift */,
			);
			path = Views;
			sourceTree = "<group>";
		};
		BB9E1BC2257C2A1F00995A51 /* Coordinators */ = {
			isa = PBXGroup;
			children = (
				91B0FB3E257C96ED00746BDD /* AppCoordinator.swift */,
				BB835A29257D698700ACD572 /* TestObject.swift */,
			);
			name = Coordinators;
			path = ..;
			sourceTree = "<group>";
		};
		BB9E1BCB257C2B9400995A51 /* Storyboards */ = {
			isa = PBXGroup;
			children = (
				BB9E1BCC257C2BA200995A51 /* Home.storyboard */,
				91B0FB5B257CAD2100746BDD /* Profile.storyboard */,
				BB9E1BEE257C647300995A51 /* Launch.storyboard */,
			);
			path = Storyboards;
			sourceTree = "<group>";
		};
		BB9E1BD6257C2FD100995A51 /* Resources */ = {
			isa = PBXGroup;
			children = (
			);
			path = Resources;
			sourceTree = "<group>";
		};
		E83B181C256227475A0C3749 /* Pods */ = {
			isa = PBXGroup;
			children = (
				364E5970E0FFA228F1A2744C /* Pods-HobbyMe.debug.xcconfig */,
				CB8864B44A82B48A5460C296 /* Pods-HobbyMe.release.xcconfig */,
				3C8AF4C58F3EF7CFC805CE37 /* Pods-HobbyMe-HobbyMeUITests.debug.xcconfig */,
				C7824CB5DD7184B64B7B48F4 /* Pods-HobbyMe-HobbyMeUITests.release.xcconfig */,
				8A5B615805DD322BC834DF4A /* Pods-HobbyMeTests.debug.xcconfig */,
				9BEEC693E3098C19791913A1 /* Pods-HobbyMeTests.release.xcconfig */,
			);
			path = Pods;
			sourceTree = "<group>";
		};
/* End PBXGroup section */

/* Begin PBXNativeTarget section */
		BB9E1B8E257C2A0900995A51 /* HobbyMe */ = {
			isa = PBXNativeTarget;
			buildConfigurationList = BB9E1BB4257C2A0A00995A51 /* Build configuration list for PBXNativeTarget "HobbyMe" */;
			buildPhases = (
				C9AB0C9026B8C8C6C5AAB309 /* [CP] Check Pods Manifest.lock */,
				BB9E1B8B257C2A0900995A51 /* Sources */,
				BB9E1B8C257C2A0900995A51 /* Frameworks */,
				BB9E1B8D257C2A0900995A51 /* Resources */,
			);
			buildRules = (
			);
			dependencies = (
			);
			name = HobbyMe;
			productName = HobbyMe;
			productReference = BB9E1B8F257C2A0900995A51 /* HobbyMe.app */;
			productType = "com.apple.product-type.application";
		};
		BB9E1B9F257C2A0900995A51 /* HobbyMeTests */ = {
			isa = PBXNativeTarget;
			buildConfigurationList = BB9E1BB7257C2A0A00995A51 /* Build configuration list for PBXNativeTarget "HobbyMeTests" */;
			buildPhases = (
				D53698A8DAF9074D0B7112B8 /* [CP] Check Pods Manifest.lock */,
				BB9E1B9C257C2A0900995A51 /* Sources */,
				BB9E1B9D257C2A0900995A51 /* Frameworks */,
				BB9E1B9E257C2A0900995A51 /* Resources */,
			);
			buildRules = (
			);
			dependencies = (
				BB9E1BA2257C2A0900995A51 /* PBXTargetDependency */,
			);
			name = HobbyMeTests;
			productName = HobbyMeTests;
			productReference = BB9E1BA0257C2A0900995A51 /* HobbyMeTests.xctest */;
			productType = "com.apple.product-type.bundle.unit-test";
		};
		BB9E1BAA257C2A0A00995A51 /* HobbyMeUITests */ = {
			isa = PBXNativeTarget;
			buildConfigurationList = BB9E1BBA257C2A0A00995A51 /* Build configuration list for PBXNativeTarget "HobbyMeUITests" */;
			buildPhases = (
				736026A7D0495DEC3F477F85 /* [CP] Check Pods Manifest.lock */,
				BB9E1BA7257C2A0A00995A51 /* Sources */,
				BB9E1BA8257C2A0A00995A51 /* Frameworks */,
				BB9E1BA9257C2A0A00995A51 /* Resources */,
			);
			buildRules = (
			);
			dependencies = (
				BB9E1BAD257C2A0A00995A51 /* PBXTargetDependency */,
			);
			name = HobbyMeUITests;
			productName = HobbyMeUITests;
			productReference = BB9E1BAB257C2A0A00995A51 /* HobbyMeUITests.xctest */;
			productType = "com.apple.product-type.bundle.ui-testing";
		};
/* End PBXNativeTarget section */

/* Begin PBXProject section */
		BB9E1B87257C2A0900995A51 /* Project object */ = {
			isa = PBXProject;
			attributes = {
				LastSwiftUpdateCheck = 1220;
				LastUpgradeCheck = 1220;
				TargetAttributes = {
					BB9E1B8E257C2A0900995A51 = {
						CreatedOnToolsVersion = 12.2;
					};
					BB9E1B9F257C2A0900995A51 = {
						CreatedOnToolsVersion = 12.2;
						TestTargetID = BB9E1B8E257C2A0900995A51;
					};
					BB9E1BAA257C2A0A00995A51 = {
						CreatedOnToolsVersion = 12.2;
						TestTargetID = BB9E1B8E257C2A0900995A51;
					};
				};
			};
			buildConfigurationList = BB9E1B8A257C2A0900995A51 /* Build configuration list for PBXProject "HobbyMe" */;
			compatibilityVersion = "Xcode 9.3";
			developmentRegion = en;
			hasScannedForEncodings = 0;
			knownRegions = (
				en,
				Base,
			);
			mainGroup = BB9E1B86257C2A0900995A51;
			productRefGroup = BB9E1B90257C2A0900995A51 /* Products */;
			projectDirPath = "";
			projectRoot = "";
			targets = (
				BB9E1B8E257C2A0900995A51 /* HobbyMe */,
				BB9E1B9F257C2A0900995A51 /* HobbyMeTests */,
				BB9E1BAA257C2A0A00995A51 /* HobbyMeUITests */,
			);
		};
/* End PBXProject section */

/* Begin PBXResourcesBuildPhase section */
		BB9E1B8D257C2A0900995A51 /* Resources */ = {
			isa = PBXResourcesBuildPhase;
			buildActionMask = 2147483647;
			files = (
				BB983BB3257F18CB000551BC /* Main.storyboard in Resources */,
				BB9E1B97257C2A0900995A51 /* Assets.xcassets in Resources */,
				BB9E1BEF257C647300995A51 /* Launch.storyboard in Resources */,
			);
			runOnlyForDeploymentPostprocessing = 0;
		};
		BB9E1B9E257C2A0900995A51 /* Resources */ = {
			isa = PBXResourcesBuildPhase;
			buildActionMask = 2147483647;
			files = (
			);
			runOnlyForDeploymentPostprocessing = 0;
		};
		BB9E1BA9257C2A0A00995A51 /* Resources */ = {
			isa = PBXResourcesBuildPhase;
			buildActionMask = 2147483647;
			files = (
			);
			runOnlyForDeploymentPostprocessing = 0;
		};
/* End PBXResourcesBuildPhase section */

/* Begin PBXShellScriptBuildPhase section */
		736026A7D0495DEC3F477F85 /* [CP] Check Pods Manifest.lock */ = {
			isa = PBXShellScriptBuildPhase;
			buildActionMask = 2147483647;
			files = (
			);
			inputFileListPaths = (
			);
			inputPaths = (
				"${PODS_PODFILE_DIR_PATH}/Podfile.lock",
				"${PODS_ROOT}/Manifest.lock",
			);
			name = "[CP] Check Pods Manifest.lock";
			outputFileListPaths = (
			);
			outputPaths = (
				"$(DERIVED_FILE_DIR)/Pods-HobbyMe-HobbyMeUITests-checkManifestLockResult.txt",
			);
			runOnlyForDeploymentPostprocessing = 0;
			shellPath = /bin/sh;
			shellScript = "diff \"${PODS_PODFILE_DIR_PATH}/Podfile.lock\" \"${PODS_ROOT}/Manifest.lock\" > /dev/null\nif [ $? != 0 ] ; then\n    # print error to STDERR\n    echo \"error: The sandbox is not in sync with the Podfile.lock. Run 'pod install' or update your CocoaPods installation.\" >&2\n    exit 1\nfi\n# This output is used by Xcode 'outputs' to avoid re-running this script phase.\necho \"SUCCESS\" > \"${SCRIPT_OUTPUT_FILE_0}\"\n";
			showEnvVarsInLog = 0;
		};
		C9AB0C9026B8C8C6C5AAB309 /* [CP] Check Pods Manifest.lock */ = {
			isa = PBXShellScriptBuildPhase;
			buildActionMask = 2147483647;
			files = (
			);
			inputFileListPaths = (
			);
			inputPaths = (
				"${PODS_PODFILE_DIR_PATH}/Podfile.lock",
				"${PODS_ROOT}/Manifest.lock",
			);
			name = "[CP] Check Pods Manifest.lock";
			outputFileListPaths = (
			);
			outputPaths = (
				"$(DERIVED_FILE_DIR)/Pods-HobbyMe-checkManifestLockResult.txt",
			);
			runOnlyForDeploymentPostprocessing = 0;
			shellPath = /bin/sh;
			shellScript = "diff \"${PODS_PODFILE_DIR_PATH}/Podfile.lock\" \"${PODS_ROOT}/Manifest.lock\" > /dev/null\nif [ $? != 0 ] ; then\n    # print error to STDERR\n    echo \"error: The sandbox is not in sync with the Podfile.lock. Run 'pod install' or update your CocoaPods installation.\" >&2\n    exit 1\nfi\n# This output is used by Xcode 'outputs' to avoid re-running this script phase.\necho \"SUCCESS\" > \"${SCRIPT_OUTPUT_FILE_0}\"\n";
			showEnvVarsInLog = 0;
		};
		D53698A8DAF9074D0B7112B8 /* [CP] Check Pods Manifest.lock */ = {
			isa = PBXShellScriptBuildPhase;
			buildActionMask = 2147483647;
			files = (
			);
			inputFileListPaths = (
			);
			inputPaths = (
				"${PODS_PODFILE_DIR_PATH}/Podfile.lock",
				"${PODS_ROOT}/Manifest.lock",
			);
			name = "[CP] Check Pods Manifest.lock";
			outputFileListPaths = (
			);
			outputPaths = (
				"$(DERIVED_FILE_DIR)/Pods-HobbyMeTests-checkManifestLockResult.txt",
			);
			runOnlyForDeploymentPostprocessing = 0;
			shellPath = /bin/sh;
			shellScript = "diff \"${PODS_PODFILE_DIR_PATH}/Podfile.lock\" \"${PODS_ROOT}/Manifest.lock\" > /dev/null\nif [ $? != 0 ] ; then\n    # print error to STDERR\n    echo \"error: The sandbox is not in sync with the Podfile.lock. Run 'pod install' or update your CocoaPods installation.\" >&2\n    exit 1\nfi\n# This output is used by Xcode 'outputs' to avoid re-running this script phase.\necho \"SUCCESS\" > \"${SCRIPT_OUTPUT_FILE_0}\"\n";
			showEnvVarsInLog = 0;
		};
/* End PBXShellScriptBuildPhase section */

/* Begin PBXSourcesBuildPhase section */
		BB9E1B8B257C2A0900995A51 /* Sources */ = {
			isa = PBXSourcesBuildPhase;
			buildActionMask = 2147483647;
			files = (
				BB983C1A257F5AE7000551BC /* Group.swift in Sources */,
				BB983BBD257F190B000551BC /* AppDelegate.swift in Sources */,
				BB983BA1257F1862000551BC /* MenuBar.swift in Sources */,
				BB983BA2257F1862000551BC /* ApiManager.swift in Sources */,
				BB983BFD257F42C9000551BC /* HobbyCell.swift in Sources */,
				BB983BA3257F1862000551BC /* SettingsLauncher.swift in Sources */,
				BB983C12257F5A9E000551BC /* Activity.swift in Sources */,
				BB983BA4257F1862000551BC /* HomeController.swift in Sources */,
				BB983C02257F5265000551BC /* Hobby.swift in Sources */,
				BB983BA5257F1862000551BC /* SettingName.swift in Sources */,
				BB983BA6257F1862000551BC /* Video.swift in Sources */,
				BB983BA7257F1862000551BC /* FeedCell.swift in Sources */,
				BB983BA8257F1862000551BC /* SettingCell.swift in Sources */,
				BB983BA9257F1862000551BC /* TrendingCell.swift in Sources */,
				BB983BAA257F1862000551BC /* SubscriptionCell.swift in Sources */,
				BB983BAB257F1862000551BC /* CustomImageView.swift in Sources */,
				BB983BAC257F1862000551BC /* VideoLauncher.swift in Sources */,
				BBD430D6257FEAFE005D38F1 /* Profile.swift in Sources */,
				BB983BD5257F3338000551BC /* BaseCell.swift in Sources */,
				BB983BD0257F32FC000551BC /* ProfileCell.swift in Sources */,
				BB983BDD257F3594000551BC /* ActivityCell.swift in Sources */,
				BB983BAD257F1862000551BC /* Extensions.swift in Sources */,
				BB835A2F257D781500ACD572 /* UIViewExt.swift in Sources */,
				BB835A3D257D792200ACD572 /* CustomTabBarButtonView.swift in Sources */,
				91B0FB3F257C96ED00746BDD /* AppCoordinator.swift in Sources */,
				BB983C09257F5666000551BC /* DiscoverCell.swift in Sources */,
				BB9E1BD2257C2D5700995A51 /* CardView.swift in Sources */,
				BB835A2A257D698700ACD572 /* TestObject.swift in Sources */,
				BBC90D31257CB63100D1DF09 /* ProfileTableViewCell.swift in Sources */,
				BB9E1BE1257C639900995A51 /* OldAppDelegate.swift in Sources */,
				91B0FB4F257C9A6800746BDD /* TabBarController.swift in Sources */,
				BB983BC2257F19ED000551BC /* VideoCell.swift in Sources */,
				91B0FB54257CAA4700746BDD /* ProfileViewController.swift in Sources */,
				BB9E1C05257C7E2300995A51 /* DiscoverCollectionViewController.swift in Sources */,
			);
			runOnlyForDeploymentPostprocessing = 0;
		};
		BB9E1B9C257C2A0900995A51 /* Sources */ = {
			isa = PBXSourcesBuildPhase;
			buildActionMask = 2147483647;
			files = (
				BB9E1BA5257C2A0900995A51 /* HobbyMeTests.swift in Sources */,
			);
			runOnlyForDeploymentPostprocessing = 0;
		};
		BB9E1BA7257C2A0A00995A51 /* Sources */ = {
			isa = PBXSourcesBuildPhase;
			buildActionMask = 2147483647;
			files = (
				BB9E1BB0257C2A0A00995A51 /* HobbyMeUITests.swift in Sources */,
			);
			runOnlyForDeploymentPostprocessing = 0;
		};
/* End PBXSourcesBuildPhase section */

/* Begin PBXTargetDependency section */
		BB9E1BA2257C2A0900995A51 /* PBXTargetDependency */ = {
			isa = PBXTargetDependency;
			target = BB9E1B8E257C2A0900995A51 /* HobbyMe */;
			targetProxy = BB9E1BA1257C2A0900995A51 /* PBXContainerItemProxy */;
		};
		BB9E1BAD257C2A0A00995A51 /* PBXTargetDependency */ = {
			isa = PBXTargetDependency;
			target = BB9E1B8E257C2A0900995A51 /* HobbyMe */;
			targetProxy = BB9E1BAC257C2A0A00995A51 /* PBXContainerItemProxy */;
		};
/* End PBXTargetDependency section */

/* Begin XCBuildConfiguration section */
		BB9E1BB2257C2A0A00995A51 /* Debug */ = {
			isa = XCBuildConfiguration;
			buildSettings = {
				ALWAYS_SEARCH_USER_PATHS = NO;
				CLANG_ANALYZER_NONNULL = YES;
				CLANG_ANALYZER_NUMBER_OBJECT_CONVERSION = YES_AGGRESSIVE;
				CLANG_CXX_LANGUAGE_STANDARD = "gnu++14";
				CLANG_CXX_LIBRARY = "libc++";
				CLANG_ENABLE_MODULES = YES;
				CLANG_ENABLE_OBJC_ARC = YES;
				CLANG_ENABLE_OBJC_WEAK = YES;
				CLANG_WARN_BLOCK_CAPTURE_AUTORELEASING = YES;
				CLANG_WARN_BOOL_CONVERSION = YES;
				CLANG_WARN_COMMA = YES;
				CLANG_WARN_CONSTANT_CONVERSION = YES;
				CLANG_WARN_DEPRECATED_OBJC_IMPLEMENTATIONS = YES;
				CLANG_WARN_DIRECT_OBJC_ISA_USAGE = YES_ERROR;
				CLANG_WARN_DOCUMENTATION_COMMENTS = YES;
				CLANG_WARN_EMPTY_BODY = YES;
				CLANG_WARN_ENUM_CONVERSION = YES;
				CLANG_WARN_INFINITE_RECURSION = YES;
				CLANG_WARN_INT_CONVERSION = YES;
				CLANG_WARN_NON_LITERAL_NULL_CONVERSION = YES;
				CLANG_WARN_OBJC_IMPLICIT_RETAIN_SELF = YES;
				CLANG_WARN_OBJC_LITERAL_CONVERSION = YES;
				CLANG_WARN_OBJC_ROOT_CLASS = YES_ERROR;
				CLANG_WARN_QUOTED_INCLUDE_IN_FRAMEWORK_HEADER = YES;
				CLANG_WARN_RANGE_LOOP_ANALYSIS = YES;
				CLANG_WARN_STRICT_PROTOTYPES = YES;
				CLANG_WARN_SUSPICIOUS_MOVE = YES;
				CLANG_WARN_UNGUARDED_AVAILABILITY = YES_AGGRESSIVE;
				CLANG_WARN_UNREACHABLE_CODE = YES;
				CLANG_WARN__DUPLICATE_METHOD_MATCH = YES;
				COPY_PHASE_STRIP = NO;
				DEBUG_INFORMATION_FORMAT = dwarf;
				ENABLE_STRICT_OBJC_MSGSEND = YES;
				ENABLE_TESTABILITY = YES;
				GCC_C_LANGUAGE_STANDARD = gnu11;
				GCC_DYNAMIC_NO_PIC = NO;
				GCC_NO_COMMON_BLOCKS = YES;
				GCC_OPTIMIZATION_LEVEL = 0;
				GCC_PREPROCESSOR_DEFINITIONS = (
					"DEBUG=1",
					"$(inherited)",
				);
				GCC_WARN_64_TO_32_BIT_CONVERSION = YES;
				GCC_WARN_ABOUT_RETURN_TYPE = YES_ERROR;
				GCC_WARN_UNDECLARED_SELECTOR = YES;
				GCC_WARN_UNINITIALIZED_AUTOS = YES_AGGRESSIVE;
				GCC_WARN_UNUSED_FUNCTION = YES;
				GCC_WARN_UNUSED_VARIABLE = YES;
				IPHONEOS_DEPLOYMENT_TARGET = 14.2;
				MTL_ENABLE_DEBUG_INFO = INCLUDE_SOURCE;
				MTL_FAST_MATH = YES;
				ONLY_ACTIVE_ARCH = YES;
				SDKROOT = iphoneos;
				SWIFT_ACTIVE_COMPILATION_CONDITIONS = DEBUG;
				SWIFT_OPTIMIZATION_LEVEL = "-Onone";
			};
			name = Debug;
		};
		BB9E1BB3257C2A0A00995A51 /* Release */ = {
			isa = XCBuildConfiguration;
			buildSettings = {
				ALWAYS_SEARCH_USER_PATHS = NO;
				CLANG_ANALYZER_NONNULL = YES;
				CLANG_ANALYZER_NUMBER_OBJECT_CONVERSION = YES_AGGRESSIVE;
				CLANG_CXX_LANGUAGE_STANDARD = "gnu++14";
				CLANG_CXX_LIBRARY = "libc++";
				CLANG_ENABLE_MODULES = YES;
				CLANG_ENABLE_OBJC_ARC = YES;
				CLANG_ENABLE_OBJC_WEAK = YES;
				CLANG_WARN_BLOCK_CAPTURE_AUTORELEASING = YES;
				CLANG_WARN_BOOL_CONVERSION = YES;
				CLANG_WARN_COMMA = YES;
				CLANG_WARN_CONSTANT_CONVERSION = YES;
				CLANG_WARN_DEPRECATED_OBJC_IMPLEMENTATIONS = YES;
				CLANG_WARN_DIRECT_OBJC_ISA_USAGE = YES_ERROR;
				CLANG_WARN_DOCUMENTATION_COMMENTS = YES;
				CLANG_WARN_EMPTY_BODY = YES;
				CLANG_WARN_ENUM_CONVERSION = YES;
				CLANG_WARN_INFINITE_RECURSION = YES;
				CLANG_WARN_INT_CONVERSION = YES;
				CLANG_WARN_NON_LITERAL_NULL_CONVERSION = YES;
				CLANG_WARN_OBJC_IMPLICIT_RETAIN_SELF = YES;
				CLANG_WARN_OBJC_LITERAL_CONVERSION = YES;
				CLANG_WARN_OBJC_ROOT_CLASS = YES_ERROR;
				CLANG_WARN_QUOTED_INCLUDE_IN_FRAMEWORK_HEADER = YES;
				CLANG_WARN_RANGE_LOOP_ANALYSIS = YES;
				CLANG_WARN_STRICT_PROTOTYPES = YES;
				CLANG_WARN_SUSPICIOUS_MOVE = YES;
				CLANG_WARN_UNGUARDED_AVAILABILITY = YES_AGGRESSIVE;
				CLANG_WARN_UNREACHABLE_CODE = YES;
				CLANG_WARN__DUPLICATE_METHOD_MATCH = YES;
				COPY_PHASE_STRIP = NO;
				DEBUG_INFORMATION_FORMAT = "dwarf-with-dsym";
				ENABLE_NS_ASSERTIONS = NO;
				ENABLE_STRICT_OBJC_MSGSEND = YES;
				GCC_C_LANGUAGE_STANDARD = gnu11;
				GCC_NO_COMMON_BLOCKS = YES;
				GCC_WARN_64_TO_32_BIT_CONVERSION = YES;
				GCC_WARN_ABOUT_RETURN_TYPE = YES_ERROR;
				GCC_WARN_UNDECLARED_SELECTOR = YES;
				GCC_WARN_UNINITIALIZED_AUTOS = YES_AGGRESSIVE;
				GCC_WARN_UNUSED_FUNCTION = YES;
				GCC_WARN_UNUSED_VARIABLE = YES;
				IPHONEOS_DEPLOYMENT_TARGET = 14.2;
				MTL_ENABLE_DEBUG_INFO = NO;
				MTL_FAST_MATH = YES;
				SDKROOT = iphoneos;
				SWIFT_COMPILATION_MODE = wholemodule;
				SWIFT_OPTIMIZATION_LEVEL = "-O";
				VALIDATE_PRODUCT = YES;
			};
			name = Release;
		};
		BB9E1BB5257C2A0A00995A51 /* Debug */ = {
			isa = XCBuildConfiguration;
			baseConfigurationReference = 364E5970E0FFA228F1A2744C /* Pods-HobbyMe.debug.xcconfig */;
			buildSettings = {
				ASSETCATALOG_COMPILER_APPICON_NAME = AppIcon;
				ASSETCATALOG_COMPILER_GLOBAL_ACCENT_COLOR_NAME = AccentColor;
				CODE_SIGN_IDENTITY = "Apple Development";
				CODE_SIGN_STYLE = Automatic;
				DEVELOPMENT_ASSET_PATHS = HobbyMe/Assets.xcassets;
				DEVELOPMENT_TEAM = MF6426NK34;
				ENABLE_PREVIEWS = YES;
				INFOPLIST_FILE = HobbyMe/Info.plist;
				IPHONEOS_DEPLOYMENT_TARGET = 14.0;
				LD_RUNPATH_SEARCH_PATHS = (
					"$(inherited)",
					"@executable_path/Frameworks",
				);
				PRODUCT_BUNDLE_IDENTIFIER = com.matthewserna.HobbyMe;
				PRODUCT_NAME = "$(TARGET_NAME)";
				PROVISIONING_PROFILE_SPECIFIER = "";
				SWIFT_VERSION = 5.0;
				TARGETED_DEVICE_FAMILY = "1,2";
			};
			name = Debug;
		};
		BB9E1BB6257C2A0A00995A51 /* Release */ = {
			isa = XCBuildConfiguration;
			baseConfigurationReference = CB8864B44A82B48A5460C296 /* Pods-HobbyMe.release.xcconfig */;
			buildSettings = {
				ASSETCATALOG_COMPILER_APPICON_NAME = AppIcon;
				ASSETCATALOG_COMPILER_GLOBAL_ACCENT_COLOR_NAME = AccentColor;
				CODE_SIGN_IDENTITY = "Apple Development";
				CODE_SIGN_STYLE = Automatic;
				DEVELOPMENT_ASSET_PATHS = HobbyMe/Assets.xcassets;
				DEVELOPMENT_TEAM = MF6426NK34;
				ENABLE_PREVIEWS = YES;
				INFOPLIST_FILE = HobbyMe/Info.plist;
				IPHONEOS_DEPLOYMENT_TARGET = 14.0;
				LD_RUNPATH_SEARCH_PATHS = (
					"$(inherited)",
					"@executable_path/Frameworks",
				);
				PRODUCT_BUNDLE_IDENTIFIER = com.matthewserna.HobbyMe;
				PRODUCT_NAME = "$(TARGET_NAME)";
				PROVISIONING_PROFILE_SPECIFIER = "";
				SWIFT_VERSION = 5.0;
				TARGETED_DEVICE_FAMILY = "1,2";
			};
			name = Release;
		};
		BB9E1BB8257C2A0A00995A51 /* Debug */ = {
			isa = XCBuildConfiguration;
			baseConfigurationReference = 8A5B615805DD322BC834DF4A /* Pods-HobbyMeTests.debug.xcconfig */;
			buildSettings = {
				ALWAYS_EMBED_SWIFT_STANDARD_LIBRARIES = YES;
				BUNDLE_LOADER = "$(TEST_HOST)";
				CODE_SIGN_STYLE = Automatic;
				INFOPLIST_FILE = HobbyMeTests/Info.plist;
				IPHONEOS_DEPLOYMENT_TARGET = 14.0;
				LD_RUNPATH_SEARCH_PATHS = (
					"$(inherited)",
					"@executable_path/Frameworks",
					"@loader_path/Frameworks",
				);
				PRODUCT_BUNDLE_IDENTIFIER = com.matthewserna.hobbyme.HobbyMeTests;
				PRODUCT_NAME = "$(TARGET_NAME)";
				SWIFT_VERSION = 5.0;
				TARGETED_DEVICE_FAMILY = "1,2";
				TEST_HOST = "$(BUILT_PRODUCTS_DIR)/HobbyMe.app/HobbyMe";
			};
			name = Debug;
		};
		BB9E1BB9257C2A0A00995A51 /* Release */ = {
			isa = XCBuildConfiguration;
			baseConfigurationReference = 9BEEC693E3098C19791913A1 /* Pods-HobbyMeTests.release.xcconfig */;
			buildSettings = {
				ALWAYS_EMBED_SWIFT_STANDARD_LIBRARIES = YES;
				BUNDLE_LOADER = "$(TEST_HOST)";
				CODE_SIGN_STYLE = Automatic;
				INFOPLIST_FILE = HobbyMeTests/Info.plist;
				IPHONEOS_DEPLOYMENT_TARGET = 14.0;
				LD_RUNPATH_SEARCH_PATHS = (
					"$(inherited)",
					"@executable_path/Frameworks",
					"@loader_path/Frameworks",
				);
				PRODUCT_BUNDLE_IDENTIFIER = com.matthewserna.hobbyme.HobbyMeTests;
				PRODUCT_NAME = "$(TARGET_NAME)";
				SWIFT_VERSION = 5.0;
				TARGETED_DEVICE_FAMILY = "1,2";
				TEST_HOST = "$(BUILT_PRODUCTS_DIR)/HobbyMe.app/HobbyMe";
			};
			name = Release;
		};
		BB9E1BBB257C2A0A00995A51 /* Debug */ = {
			isa = XCBuildConfiguration;
			baseConfigurationReference = 3C8AF4C58F3EF7CFC805CE37 /* Pods-HobbyMe-HobbyMeUITests.debug.xcconfig */;
			buildSettings = {
				ALWAYS_EMBED_SWIFT_STANDARD_LIBRARIES = YES;
				CODE_SIGN_STYLE = Automatic;
				INFOPLIST_FILE = HobbyMeUITests/Info.plist;
				LD_RUNPATH_SEARCH_PATHS = (
					"$(inherited)",
					"@executable_path/Frameworks",
					"@loader_path/Frameworks",
				);
				PRODUCT_BUNDLE_IDENTIFIER = com.matthewserna.hobbyme.HobbyMeUITests;
				PRODUCT_NAME = "$(TARGET_NAME)";
				SWIFT_VERSION = 5.0;
				TARGETED_DEVICE_FAMILY = "1,2";
				TEST_TARGET_NAME = HobbyMe;
			};
			name = Debug;
		};
		BB9E1BBC257C2A0A00995A51 /* Release */ = {
			isa = XCBuildConfiguration;
			baseConfigurationReference = C7824CB5DD7184B64B7B48F4 /* Pods-HobbyMe-HobbyMeUITests.release.xcconfig */;
			buildSettings = {
				ALWAYS_EMBED_SWIFT_STANDARD_LIBRARIES = YES;
				CODE_SIGN_STYLE = Automatic;
				INFOPLIST_FILE = HobbyMeUITests/Info.plist;
				LD_RUNPATH_SEARCH_PATHS = (
					"$(inherited)",
					"@executable_path/Frameworks",
					"@loader_path/Frameworks",
				);
				PRODUCT_BUNDLE_IDENTIFIER = com.matthewserna.hobbyme.HobbyMeUITests;
				PRODUCT_NAME = "$(TARGET_NAME)";
				SWIFT_VERSION = 5.0;
				TARGETED_DEVICE_FAMILY = "1,2";
				TEST_TARGET_NAME = HobbyMe;
			};
			name = Release;
		};
/* End XCBuildConfiguration section */

/* Begin XCConfigurationList section */
		BB9E1B8A257C2A0900995A51 /* Build configuration list for PBXProject "HobbyMe" */ = {
			isa = XCConfigurationList;
			buildConfigurations = (
				BB9E1BB2257C2A0A00995A51 /* Debug */,
				BB9E1BB3257C2A0A00995A51 /* Release */,
			);
			defaultConfigurationIsVisible = 0;
			defaultConfigurationName = Release;
		};
		BB9E1BB4257C2A0A00995A51 /* Build configuration list for PBXNativeTarget "HobbyMe" */ = {
			isa = XCConfigurationList;
			buildConfigurations = (
				BB9E1BB5257C2A0A00995A51 /* Debug */,
				BB9E1BB6257C2A0A00995A51 /* Release */,
			);
			defaultConfigurationIsVisible = 0;
			defaultConfigurationName = Release;
		};
		BB9E1BB7257C2A0A00995A51 /* Build configuration list for PBXNativeTarget "HobbyMeTests" */ = {
			isa = XCConfigurationList;
			buildConfigurations = (
				BB9E1BB8257C2A0A00995A51 /* Debug */,
				BB9E1BB9257C2A0A00995A51 /* Release */,
			);
			defaultConfigurationIsVisible = 0;
			defaultConfigurationName = Release;
		};
		BB9E1BBA257C2A0A00995A51 /* Build configuration list for PBXNativeTarget "HobbyMeUITests" */ = {
			isa = XCConfigurationList;
			buildConfigurations = (
				BB9E1BBB257C2A0A00995A51 /* Debug */,
				BB9E1BBC257C2A0A00995A51 /* Release */,
			);
			defaultConfigurationIsVisible = 0;
			defaultConfigurationName = Release;
		};
/* End XCConfigurationList section */
	};
	rootObject = BB9E1B87257C2A0900995A51 /* Project object */;
}
